
Microsoft Visual Studio Solution File, Format Version 12.00
# Visual Studio Version 16
VisualStudioVersion = 16.0.32228.343
MinimumVisualStudioVersion = 10.0.40219.1
Project("{FAE04EC0-301F-11D3-BF4B-00C04F79EFBC}") = "RetrieveFromQueue", "RetrieveFromQueue\RetrieveFromQueue.csproj", "{B11407DC-2261-4DDD-8EFE-716DC1866676}"
EndProject
Global
	GlobalSection(SolutionConfigurationPlatforms) = preSolution
		Debug|Any CPU = Debug|Any CPU
		Release|Any CPU = Release|Any CPU
	EndGlobalSection
	GlobalSection(ProjectConfigurationPlatforms) = postSolution
		{B11407DC-2261-4DDD-8EFE-716DC1866676}.Debug|Any CPU.ActiveCfg = Debug|Any CPU
		{B11407DC-2261-4DDD-8EFE-716DC1866676}.Debug|Any CPU.Build.0 = Debug|Any CPU
		{B11407DC-2261-4DDD-8EFE-716DC1866676}.Release|Any CPU.ActiveCfg = Release|Any CPU
		{B11407DC-2261-4DDD-8EFE-716DC1866676}.Release|Any CPU.Build.0 = Release|Any CPU
	EndGlobalSection
	GlobalSection(SolutionProperties) = preSolution
		HideSolutionNode = FALSE
	EndGlobalSection
	GlobalSection(ExtensibilityGlobals) = postSolution
		SolutionGuid = {F797F5F0-317E-4BE8-9EB9-6FB2395F7CE3}
	EndGlobalSection
EndGlobal
